PODS:
  - AFNetworking (4.0.1):
    - AFNetworking/NSURLSession (= 4.0.1)
    - AFNetworking/Reachability (= 4.0.1)
    - AFNetworking/Security (= 4.0.1)
    - AFNetworking/Serialization (= 4.0.1)
    - AFNetworking/UIKit (= 4.0.1)
  - AFNetworking/NSURLSession (4.0.1):
    - AFNetworking/Reachability
    - AFNetworking/Security
    - AFNetworking/Serialization
  - AFNetworking/Reachability (4.0.1)
  - AFNetworking/Security (4.0.1)
  - AFNetworking/Serialization (4.0.1)
  - AFNetworking/UIKit (4.0.1):
    - AFNetworking/NSURLSession
  - blesdk_ios (1.0.0):
    - blesdk_ios/AiSDK (= 1.0.0)
  - blesdk_ios/AiSDK (1.0.0):
    - AFNetworking (~> 4.0.1)
    - WatchfaceSDK
  - Masonry (1.1.0)
  - SSZipArchive (2.4.3)
  - WatchfaceSDK (1.0.6):
    - Masonry
    - SSZipArchive
    - Zip (~> 2.1)
  - Zip (2.1.2)

DEPENDENCIES:
  - AFNetworking (~> 4.0.1)
  - blesdk_ios (from `https://github.com/HWdan/blesdk_ios.git`, branch `main`)
  - SSZipArchive
  - WatchfaceSDK (from `https://github.com/HWdan/WatchfaceSDK.git`, branch `main`)
  - Zip (~> 2.1)

SPEC REPOS:
  trunk:
    - AFNetworking
    - Masonry
    - SSZipArchive
    - Zip

EXTERNAL SOURCES:
  blesdk_ios:
    :branch: main
    :git: https://github.com/HWdan/blesdk_ios.git
  WatchfaceSDK:
    :branch: main
    :git: https://github.com/HWdan/WatchfaceSDK.git

CHECKOUT OPTIONS:
  blesdk_ios:
    :commit: 65cc56c3fc84794549bbfcdcf347904fe3d3064e
    :git: https://github.com/HWdan/blesdk_ios.git
  WatchfaceSDK:
    :commit: a38c4075e6b578792c778b88706a92f0de7c7b83
    :git: https://github.com/HWdan/WatchfaceSDK.git

SPEC CHECKSUMS:
  AFNetworking: 3bd23d814e976cd148d7d44c3ab78017b744cd58
  blesdk_ios: f69edfc6bb8846491b268ee07698bcd0c16f5900
  Masonry: 678fab65091a9290e40e2832a55e7ab731aad201
  SSZipArchive: fe6a26b2a54d5a0890f2567b5cc6de5caa600aef
  WatchfaceSDK: 2e7f53ac19c9b0256e6256b5d096a98bacba5f0c
  Zip: b3fef584b147b6e582b2256a9815c897d60ddc67

PODFILE CHECKSUM: ef6060271ac450b205f638c3133d46ba4d484422

COCOAPODS: 1.16.2
